<?xml version="1.0" encoding="UTF-8"?>
<CodeBlocks_project_file>
	<FileVersion major="1" minor="6"/>
	<Project>
		<Option title="GUI"/>
		<Option makefile_is_custom="1"/>
		<Option compiler="gcc"/>
		<Option virtualFolders="CMake Files\;CMake Files\..\;CMake Files\..\..\;CMake Files\..\..\..\;CMake Files\..\..\..\SFML\;CMake Files\..\..\..\SFML\lib\;CMake Files\..\..\..\SFML\lib\cmake\;CMake Files\..\..\..\SFML\lib\cmake\SFML\;"/>
		<Build>
			<Target title="all">
				<Option working_dir="C:/programming/chess/GUI/debug"/>
				<Option type="4"/>
				<MakeCommands>
					<Build command="C:/mingw64/bin/mingw32-make.exe -f &quot;C:/programming/chess/GUI/debug/Makefile&quot;  VERBOSE=1 all"/>
					<CompileFile command="C:/mingw64/bin/mingw32-make.exe -f &quot;C:/programming/chess/GUI/debug/Makefile&quot;  VERBOSE=1 &quot;$file&quot;"/>
					<Clean command="C:/mingw64/bin/mingw32-make.exe -f &quot;C:/programming/chess/GUI/debug/Makefile&quot;  VERBOSE=1 clean"/>
					<DistClean command="C:/mingw64/bin/mingw32-make.exe -f &quot;C:/programming/chess/GUI/debug/Makefile&quot;  VERBOSE=1 clean"/>
				</MakeCommands>
			</Target>
			<Target title="edit_cache">
				<Option working_dir="C:/programming/chess/GUI/debug"/>
				<Option type="4"/>
				<MakeCommands>
					<Build command="C:/mingw64/bin/mingw32-make.exe -f &quot;C:/programming/chess/GUI/debug/Makefile&quot;  VERBOSE=1 edit_cache"/>
					<CompileFile command="C:/mingw64/bin/mingw32-make.exe -f &quot;C:/programming/chess/GUI/debug/Makefile&quot;  VERBOSE=1 &quot;$file&quot;"/>
					<Clean command="C:/mingw64/bin/mingw32-make.exe -f &quot;C:/programming/chess/GUI/debug/Makefile&quot;  VERBOSE=1 clean"/>
					<DistClean command="C:/mingw64/bin/mingw32-make.exe -f &quot;C:/programming/chess/GUI/debug/Makefile&quot;  VERBOSE=1 clean"/>
				</MakeCommands>
			</Target>
			<Target title="GUI">
				<Option output="C:/programming/chess/GUI/debug/GUI.exe" prefix_auto="0" extension_auto="0"/>
				<Option working_dir="C:/programming/chess/GUI/debug"/>
				<Option object_output="./"/>
				<Option type="0"/>
				<Option compiler="gcc"/>
				<Compiler>
					<Add option="-DSFML_STATIC"/>
					<Add directory="C:/programming/chess/chsmv/include"/>
					<Add directory="C:/SFML/include"/>
					<Add directory="C:/mingw64/bin/../lib/gcc/x86_64-w64-mingw32/7.3.0/include/c++"/>
					<Add directory="C:/mingw64/bin/../lib/gcc/x86_64-w64-mingw32/7.3.0/include/c++/x86_64-w64-mingw32"/>
					<Add directory="C:/mingw64/bin/../lib/gcc/x86_64-w64-mingw32/7.3.0/include/c++/backward"/>
					<Add directory="C:/mingw64/bin/../lib/gcc/x86_64-w64-mingw32/7.3.0/include"/>
					<Add directory="C:/mingw64/bin/../lib/gcc/x86_64-w64-mingw32/7.3.0/include-fixed"/>
					<Add directory="C:/mingw64/bin/../lib/gcc/x86_64-w64-mingw32/7.3.0/../../../../x86_64-w64-mingw32/include"/>
				</Compiler>
				<MakeCommands>
					<Build command="C:/mingw64/bin/mingw32-make.exe -f &quot;C:/programming/chess/GUI/debug/Makefile&quot;  VERBOSE=1 GUI"/>
					<CompileFile command="C:/mingw64/bin/mingw32-make.exe -f &quot;C:/programming/chess/GUI/debug/Makefile&quot;  VERBOSE=1 &quot;$file&quot;"/>
					<Clean command="C:/mingw64/bin/mingw32-make.exe -f &quot;C:/programming/chess/GUI/debug/Makefile&quot;  VERBOSE=1 clean"/>
					<DistClean command="C:/mingw64/bin/mingw32-make.exe -f &quot;C:/programming/chess/GUI/debug/Makefile&quot;  VERBOSE=1 clean"/>
				</MakeCommands>
			</Target>
			<Target title="GUI/fast">
				<Option output="C:/programming/chess/GUI/debug/GUI.exe" prefix_auto="0" extension_auto="0"/>
				<Option working_dir="C:/programming/chess/GUI/debug"/>
				<Option object_output="./"/>
				<Option type="0"/>
				<Option compiler="gcc"/>
				<Compiler>
					<Add option="-DSFML_STATIC"/>
					<Add directory="C:/programming/chess/chsmv/include"/>
					<Add directory="C:/SFML/include"/>
					<Add directory="C:/mingw64/bin/../lib/gcc/x86_64-w64-mingw32/7.3.0/include/c++"/>
					<Add directory="C:/mingw64/bin/../lib/gcc/x86_64-w64-mingw32/7.3.0/include/c++/x86_64-w64-mingw32"/>
					<Add directory="C:/mingw64/bin/../lib/gcc/x86_64-w64-mingw32/7.3.0/include/c++/backward"/>
					<Add directory="C:/mingw64/bin/../lib/gcc/x86_64-w64-mingw32/7.3.0/include"/>
					<Add directory="C:/mingw64/bin/../lib/gcc/x86_64-w64-mingw32/7.3.0/include-fixed"/>
					<Add directory="C:/mingw64/bin/../lib/gcc/x86_64-w64-mingw32/7.3.0/../../../../x86_64-w64-mingw32/include"/>
				</Compiler>
				<MakeCommands>
					<Build command="C:/mingw64/bin/mingw32-make.exe -f &quot;C:/programming/chess/GUI/debug/Makefile&quot;  VERBOSE=1 GUI/fast"/>
					<CompileFile command="C:/mingw64/bin/mingw32-make.exe -f &quot;C:/programming/chess/GUI/debug/Makefile&quot;  VERBOSE=1 &quot;$file&quot;"/>
					<Clean command="C:/mingw64/bin/mingw32-make.exe -f &quot;C:/programming/chess/GUI/debug/Makefile&quot;  VERBOSE=1 clean"/>
					<DistClean command="C:/mingw64/bin/mingw32-make.exe -f &quot;C:/programming/chess/GUI/debug/Makefile&quot;  VERBOSE=1 clean"/>
				</MakeCommands>
			</Target>
			<Target title="rebuild_cache">
				<Option working_dir="C:/programming/chess/GUI/debug"/>
				<Option type="4"/>
				<MakeCommands>
					<Build command="C:/mingw64/bin/mingw32-make.exe -f &quot;C:/programming/chess/GUI/debug/Makefile&quot;  VERBOSE=1 rebuild_cache"/>
					<CompileFile command="C:/mingw64/bin/mingw32-make.exe -f &quot;C:/programming/chess/GUI/debug/Makefile&quot;  VERBOSE=1 &quot;$file&quot;"/>
					<Clean command="C:/mingw64/bin/mingw32-make.exe -f &quot;C:/programming/chess/GUI/debug/Makefile&quot;  VERBOSE=1 clean"/>
					<DistClean command="C:/mingw64/bin/mingw32-make.exe -f &quot;C:/programming/chess/GUI/debug/Makefile&quot;  VERBOSE=1 clean"/>
				</MakeCommands>
			</Target>
		</Build>
		<Unit filename="C:/programming/chess/GUI/icon.rc">
			<Option target="GUI"/>
		</Unit>
		<Unit filename="C:/programming/chess/GUI/src/button.cpp">
			<Option target="GUI"/>
		</Unit>
		<Unit filename="C:/programming/chess/GUI/src/button.hpp">
			<Option target="GUI"/>
		</Unit>
		<Unit filename="C:/programming/chess/GUI/src/engine.cpp">
			<Option target="GUI"/>
		</Unit>
		<Unit filename="C:/programming/chess/GUI/src/engine.hpp">
			<Option target="GUI"/>
		</Unit>
		<Unit filename="C:/programming/chess/GUI/src/game.cpp">
			<Option target="GUI"/>
		</Unit>
		<Unit filename="C:/programming/chess/GUI/src/game.hpp">
			<Option target="GUI"/>
		</Unit>
		<Unit filename="C:/programming/chess/GUI/src/main.cpp">
			<Option target="GUI"/>
		</Unit>
		<Unit filename="C:/programming/chess/GUI/src/menu.cpp">
			<Option target="GUI"/>
		</Unit>
		<Unit filename="C:/programming/chess/GUI/src/menu.hpp">
			<Option target="GUI"/>
		</Unit>
		<Unit filename="C:/programming/chess/GUI/src/message.cpp">
			<Option target="GUI"/>
		</Unit>
		<Unit filename="C:/programming/chess/GUI/src/message.hpp">
			<Option target="GUI"/>
		</Unit>
		<Unit filename="C:/programming/chess/GUI/src/promotion.cpp">
			<Option target="GUI"/>
		</Unit>
		<Unit filename="C:/programming/chess/GUI/src/promotion.hpp">
			<Option target="GUI"/>
		</Unit>
		<Unit filename="C:/programming/chess/GUI/CMakeLists.txt">
			<Option virtualFolder="CMake Files\"/>
		</Unit>
		<Unit filename="C:/programming/chess/GUI/../../../SFML/lib/cmake/SFML/SFMLConfig.cmake">
			<Option virtualFolder="CMake Files\..\..\..\SFML\lib\cmake\SFML\"/>
		</Unit>
		<Unit filename="C:/programming/chess/GUI/../../../SFML/lib/cmake/SFML/SFMLConfigDependencies.cmake">
			<Option virtualFolder="CMake Files\..\..\..\SFML\lib\cmake\SFML\"/>
		</Unit>
		<Unit filename="C:/programming/chess/GUI/../../../SFML/lib/cmake/SFML/SFMLConfigVersion.cmake">
			<Option virtualFolder="CMake Files\..\..\..\SFML\lib\cmake\SFML\"/>
		</Unit>
		<Unit filename="C:/programming/chess/GUI/../../../SFML/lib/cmake/SFML/SFMLStaticTargets-debug.cmake">
			<Option virtualFolder="CMake Files\..\..\..\SFML\lib\cmake\SFML\"/>
		</Unit>
		<Unit filename="C:/programming/chess/GUI/../../../SFML/lib/cmake/SFML/SFMLStaticTargets-release.cmake">
			<Option virtualFolder="CMake Files\..\..\..\SFML\lib\cmake\SFML\"/>
		</Unit>
		<Unit filename="C:/programming/chess/GUI/../../../SFML/lib/cmake/SFML/SFMLStaticTargets.cmake">
			<Option virtualFolder="CMake Files\..\..\..\SFML\lib\cmake\SFML\"/>
		</Unit>
	</Project>
</CodeBlocks_project_file>
